// !$*UTF8*$!
{
	archiveVersion = 1;
	classes = {
	};
	objectVersion = 46;
	objects = {

/* Begin PBXBuildFile section */
		7726A15C1A18050D00B4D2D7 /* main.m in Sources */ = {isa = PBXBuildFile; fileRef = 7726A15B1A18050D00B4D2D7 /* main.m */; };
		7726A15F1A18050D00B4D2D7 /* AppDelegate.m in Sources */ = {isa = PBXBuildFile; fileRef = 7726A15E1A18050D00B4D2D7 /* AppDelegate.m */; };
		7726A1621A18050D00B4D2D7 /* ViewController.m in Sources */ = {isa = PBXBuildFile; fileRef = 7726A1611A18050D00B4D2D7 /* ViewController.m */; };
		7726A1651A18050D00B4D2D7 /* Main.storyboard in Resources */ = {isa = PBXBuildFile; fileRef = 7726A1631A18050D00B4D2D7 /* Main.storyboard */; };
		7726A1671A18050D00B4D2D7 /* Images.xcassets in Resources */ = {isa = PBXBuildFile; fileRef = 7726A1661A18050D00B4D2D7 /* Images.xcassets */; };
		7726A16A1A18050D00B4D2D7 /* LaunchScreen.xib in Resources */ = {isa = PBXBuildFile; fileRef = 7726A1681A18050D00B4D2D7 /* LaunchScreen.xib */; };
		7726A1761A18050E00B4D2D7 /* Weather_WatcherTests.m in Sources */ = {isa = PBXBuildFile; fileRef = 7726A1751A18050E00B4D2D7 /* Weather_WatcherTests.m */; };
		7726A1801A1808FC00B4D2D7 /* Aeris.framework in Frameworks */ = {isa = PBXBuildFile; fileRef = 7726A17F1A1808FC00B4D2D7 /* Aeris.framework */; };
		7726A1821A180A7800B4D2D7 /* Foundation.framework in Frameworks */ = {isa = PBXBuildFile; fileRef = 7726A1811A180A7700B4D2D7 /* Foundation.framework */; };
		7726A1841A180A8400B4D2D7 /* CFNetwork.framework in Frameworks */ = {isa = PBXBuildFile; fileRef = 7726A1831A180A8400B4D2D7 /* CFNetwork.framework */; };
		7726A1891A180ACF00B4D2D7 /* CoreGraphics.framework in Frameworks */ = {isa = PBXBuildFile; fileRef = 7726A1851A180ACF00B4D2D7 /* CoreGraphics.framework */; };
		7726A18A1A180AD000B4D2D7 /* libz.dylib in Frameworks */ = {isa = PBXBuildFile; fileRef = 7726A1861A180ACF00B4D2D7 /* libz.dylib */; };
		7726A18B1A180AD000B4D2D7 /* MobileCoreServices.framework in Frameworks */ = {isa = PBXBuildFile; fileRef = 7726A1871A180ACF00B4D2D7 /* MobileCoreServices.framework */; };
		7726A18C1A180AD000B4D2D7 /* SystemConfiguration.framework in Frameworks */ = {isa = PBXBuildFile; fileRef = 7726A1881A180ACF00B4D2D7 /* SystemConfiguration.framework */; };
/* End PBXBuildFile section */

/* Begin PBXContainerItemProxy section */
		7726A1701A18050E00B4D2D7 /* PBXContainerItemProxy */ = {
			isa = PBXContainerItemProxy;
			containerPortal = 7726A14E1A18050C00B4D2D7 /* Project object */;
			proxyType = 1;
			remoteGlobalIDString = 7726A1551A18050C00B4D2D7;
			remoteInfo = "Weather Watcher";
		};
/* End PBXContainerItemProxy section */

/* Begin PBXFileReference section */
		7726A1561A18050D00B4D2D7 /* Weather Watcher.app */ = {isa = PBXFileReference; explicitFileType = wrapper.application; includeInIndex = 0; path = "Weather Watcher.app"; sourceTree = BUILT_PRODUCTS_DIR; };
		7726A15A1A18050D00B4D2D7 /* Info.plist */ = {isa = PBXFileReference; lastKnownFileType = text.plist.xml; path = Info.plist; sourceTree = "<group>"; };
		7726A15B1A18050D00B4D2D7 /* main.m */ = {isa = PBXFileReference; lastKnownFileType = sourcecode.c.objc; path = main.m; sourceTree = "<group>"; };
		7726A15D1A18050D00B4D2D7 /* AppDelegate.h */ = {isa = PBXFileReference; lastKnownFileType = sourcecode.c.h; path = AppDelegate.h; sourceTree = "<group>"; };
		7726A15E1A18050D00B4D2D7 /* AppDelegate.m */ = {isa = PBXFileReference; lastKnownFileType = sourcecode.c.objc; path = AppDelegate.m; sourceTree = "<group>"; };
		7726A1601A18050D00B4D2D7 /* ViewController.h */ = {isa = PBXFileReference; lastKnownFileType = sourcecode.c.h; path = ViewController.h; sourceTree = "<group>"; };
		7726A1611A18050D00B4D2D7 /* ViewController.m */ = {isa = PBXFileReference; lastKnownFileType = sourcecode.c.objc; path = ViewController.m; sourceTree = "<group>"; };
		7726A1641A18050D00B4D2D7 /* Base */ = {isa = PBXFileReference; lastKnownFileType = file.storyboard; name = Base; path = Base.lproj/Main.storyboard; sourceTree = "<group>"; };
		7726A1661A18050D00B4D2D7 /* Images.xcassets */ = {isa = PBXFileReference; lastKnownFileType = folder.assetcatalog; path = Images.xcassets; sourceTree = "<group>"; };
		7726A1691A18050D00B4D2D7 /* Base */ = {isa = PBXFileReference; lastKnownFileType = file.xib; name = Base; path = Base.lproj/LaunchScreen.xib; sourceTree = "<group>"; };
		7726A16F1A18050E00B4D2D7 /* Weather WatcherTests.xctest */ = {isa = PBXFileReference; explicitFileType = wrapper.cfbundle; includeInIndex = 0; path = "Weather WatcherTests.xctest"; sourceTree = BUILT_PRODUCTS_DIR; };
		7726A1741A18050E00B4D2D7 /* Info.plist */ = {isa = PBXFileReference; lastKnownFileType = text.plist.xml; path = Info.plist; sourceTree = "<group>"; };
		7726A1751A18050E00B4D2D7 /* Weather_WatcherTests.m */ = {isa = PBXFileReference; lastKnownFileType = sourcecode.c.objc; path = Weather_WatcherTests.m; sourceTree = "<group>"; };
		7726A17F1A1808FC00B4D2D7 /* Aeris.framework */ = {isa = PBXFileReference; lastKnownFileType = wrapper.framework; path = Aeris.framework; sourceTree = "<group>"; };
		7726A1811A180A7700B4D2D7 /* Foundation.framework */ = {isa = PBXFileReference; lastKnownFileType = wrapper.framework; name = Foundation.framework; path = System/Library/Frameworks/Foundation.framework; sourceTree = SDKROOT; };
		7726A1831A180A8400B4D2D7 /* CFNetwork.framework */ = {isa = PBXFileReference; lastKnownFileType = wrapper.framework; name = CFNetwork.framework; path = System/Library/Frameworks/CFNetwork.framework; sourceTree = SDKROOT; };
		7726A1851A180ACF00B4D2D7 /* CoreGraphics.framework */ = {isa = PBXFileReference; lastKnownFileType = wrapper.framework; name = CoreGraphics.framework; path = System/Library/Frameworks/CoreGraphics.framework; sourceTree = SDKROOT; };
		7726A1861A180ACF00B4D2D7 /* libz.dylib */ = {isa = PBXFileReference; lastKnownFileType = "compiled.mach-o.dylib"; name = libz.dylib; path = usr/lib/libz.dylib; sourceTree = SDKROOT; };
		7726A1871A180ACF00B4D2D7 /* MobileCoreServices.framework */ = {isa = PBXFileReference; lastKnownFileType = wrapper.framework; name = MobileCoreServices.framework; path = System/Library/Frameworks/MobileCoreServices.framework; sourceTree = SDKROOT; };
		7726A1881A180ACF00B4D2D7 /* SystemConfiguration.framework */ = {isa = PBXFileReference; lastKnownFileType = wrapper.framework; name = SystemConfiguration.framework; path = System/Library/Frameworks/SystemConfiguration.framework; sourceTree = SDKROOT; };
/* End PBXFileReference section */

/* Begin PBXFrameworksBuildPhase section */
		7726A1531A18050C00B4D2D7 /* Frameworks */ = {
			isa = PBXFrameworksBuildPhase;
			buildActionMask = 2147483647;
			files = (
				7726A1891A180ACF00B4D2D7 /* CoreGraphics.framework in Frameworks */,
				7726A18A1A180AD000B4D2D7 /* libz.dylib in Frameworks */,
				7726A18B1A180AD000B4D2D7 /* MobileCoreServices.framework in Frameworks */,
				7726A18C1A180AD000B4D2D7 /* SystemConfiguration.framework in Frameworks */,
				7726A1841A180A8400B4D2D7 /* CFNetwork.framework in Frameworks */,
				7726A1821A180A7800B4D2D7 /* Foundation.framework in Frameworks */,
				7726A1801A1808FC00B4D2D7 /* Aeris.framework in Frameworks */,
			);
			runOnlyForDeploymentPostprocessing = 0;
		};
		7726A16C1A18050D00B4D2D7 /* Frameworks */ = {
			isa = PBXFrameworksBuildPhase;
			buildActionMask = 2147483647;
			files = (
			);
			runOnlyForDeploymentPostprocessing = 0;
		};
/* End PBXFrameworksBuildPhase section */

/* Begin PBXGroup section */
		7726A14D1A18050C00B4D2D7 = {
			isa = PBXGroup;
			children = (
				7726A1851A180ACF00B4D2D7 /* CoreGraphics.framework */,
				7726A1861A180ACF00B4D2D7 /* libz.dylib */,
				7726A1871A180ACF00B4D2D7 /* MobileCoreServices.framework */,
				7726A1881A180ACF00B4D2D7 /* SystemConfiguration.framework */,
				7726A1831A180A8400B4D2D7 /* CFNetwork.framework */,
				7726A1811A180A7700B4D2D7 /* Foundation.framework */,
				7726A17F1A1808FC00B4D2D7 /* Aeris.framework */,
				7726A1581A18050D00B4D2D7 /* Weather Watcher */,
				7726A1721A18050E00B4D2D7 /* Weather WatcherTests */,
				7726A1571A18050D00B4D2D7 /* Products */,
			);
			sourceTree = "<group>";
		};
		7726A1571A18050D00B4D2D7 /* Products */ = {
			isa = PBXGroup;
			children = (
				7726A1561A18050D00B4D2D7 /* Weather Watcher.app */,
				7726A16F1A18050E00B4D2D7 /* Weather WatcherTests.xctest */,
			);
			name = Products;
			sourceTree = "<group>";
		};
		7726A1581A18050D00B4D2D7 /* Weather Watcher */ = {
			isa = PBXGroup;
			children = (
				7726A15D1A18050D00B4D2D7 /* AppDelegate.h */,
				7726A15E1A18050D00B4D2D7 /* AppDelegate.m */,
				7726A1601A18050D00B4D2D7 /* ViewController.h */,
				7726A1611A18050D00B4D2D7 /* ViewController.m */,
				7726A1631A18050D00B4D2D7 /* Main.storyboard */,
				7726A1661A18050D00B4D2D7 /* Images.xcassets */,
				7726A1681A18050D00B4D2D7 /* LaunchScreen.xib */,
				7726A1591A18050D00B4D2D7 /* Supporting Files */,
			);
			path = "Weather Watcher";
			sourceTree = "<group>";
		};
		7726A1591A18050D00B4D2D7 /* Supporting Files */ = {
			isa = PBXGroup;
			children = (
				7726A15A1A18050D00B4D2D7 /* Info.plist */,
				7726A15B1A18050D00B4D2D7 /* main.m */,
			);
			name = "Supporting Files";
			sourceTree = "<group>";
		};
		7726A1721A18050E00B4D2D7 /* Weather WatcherTests */ = {
			isa = PBXGroup;
			children = (
				7726A1751A18050E00B4D2D7 /* Weather_WatcherTests.m */,
				7726A1731A18050E00B4D2D7 /* Supporting Files */,
			);
			path = "Weather WatcherTests";
			sourceTree = "<group>";
		};
		7726A1731A18050E00B4D2D7 /* Supporting Files */ = {
			isa = PBXGroup;
			children = (
				7726A1741A18050E00B4D2D7 /* Info.plist */,
			);
			name = "Supporting Files";
			sourceTree = "<group>";
		};
/* End PBXGroup section */

/* Begin PBXNativeTarget section */
		7726A1551A18050C00B4D2D7 /* Weather Watcher */ = {
			isa = PBXNativeTarget;
			buildConfigurationList = 7726A1791A18050E00B4D2D7 /* Build configuration list for PBXNativeTarget "Weather Watcher" */;
			buildPhases = (
				7726A1521A18050C00B4D2D7 /* Sources */,
				7726A1531A18050C00B4D2D7 /* Frameworks */,
				7726A1541A18050C00B4D2D7 /* Resources */,
			);
			buildRules = (
			);
			dependencies = (
			);
			name = "Weather Watcher";
			productName = "Weather Watcher";
			productReference = 7726A1561A18050D00B4D2D7 /* Weather Watcher.app */;
			productType = "com.apple.product-type.application";
		};
		7726A16E1A18050D00B4D2D7 /* Weather WatcherTests */ = {
			isa = PBXNativeTarget;
			buildConfigurationList = 7726A17C1A18050E00B4D2D7 /* Build configuration list for PBXNativeTarget "Weather WatcherTests" */;
			buildPhases = (
				7726A16B1A18050D00B4D2D7 /* Sources */,
				7726A16C1A18050D00B4D2D7 /* Frameworks */,
				7726A16D1A18050D00B4D2D7 /* Resources */,
			);
			buildRules = (
			);
			dependencies = (
				7726A1711A18050E00B4D2D7 /* PBXTargetDependency */,
			);
			name = "Weather WatcherTests";
			productName = "Weather WatcherTests";
			productReference = 7726A16F1A18050E00B4D2D7 /* Weather WatcherTests.xctest */;
			productType = "com.apple.product-type.bundle.unit-test";
		};
/* End PBXNativeTarget section */

/* Begin PBXProject section */
		7726A14E1A18050C00B4D2D7 /* Project object */ = {
			isa = PBXProject;
			attributes = {
				LastUpgradeCheck = 0610;
				ORGANIZATIONNAME = "Katelyn Angeliu";
				TargetAttributes = {
					7726A1551A18050C00B4D2D7 = {
						CreatedOnToolsVersion = 6.1;
					};
					7726A16E1A18050D00B4D2D7 = {
						CreatedOnToolsVersion = 6.1;
						TestTargetID = 7726A1551A18050C00B4D2D7;
					};
				};
			};
			buildConfigurationList = 7726A1511A18050C00B4D2D7 /* Build configuration list for PBXProject "Weather Watcher" */;
			compatibilityVersion = "Xcode 3.2";
			developmentRegion = English;
			hasScannedForEncodings = 0;
			knownRegions = (
				en,
				Base,
			);
			mainGroup = 7726A14D1A18050C00B4D2D7;
			productRefGroup = 7726A1571A18050D00B4D2D7 /* Products */;
			projectDirPath = "";
			projectRoot = "";
			targets = (
				7726A1551A18050C00B4D2D7 /* Weather Watcher */,
				7726A16E1A18050D00B4D2D7 /* Weather WatcherTests */,
			);
		};
/* End PBXProject section */

/* Begin PBXResourcesBuildPhase section */
		7726A1541A18050C00B4D2D7 /* Resources */ = {
			isa = PBXResourcesBuildPhase;
			buildActionMask = 2147483647;
			files = (
				7726A1651A18050D00B4D2D7 /* Main.storyboard in Resources */,
				7726A16A1A18050D00B4D2D7 /* LaunchScreen.xib in Resources */,
				7726A1671A18050D00B4D2D7 /* Images.xcassets in Resources */,
			);
			runOnlyForDeploymentPostprocessing = 0;
		};
		7726A16D1A18050D00B4D2D7 /* Resources */ = {
			isa = PBXResourcesBuildPhase;
			buildActionMask = 2147483647;
			files = (
			);
			runOnlyForDeploymentPostprocessing = 0;
		};
/* End PBXResourcesBuildPhase section */

/* Begin PBXSourcesBuildPhase section */
		7726A1521A18050C00B4D2D7 /* Sources */ = {
			isa = PBXSourcesBuildPhase;
			buildActionMask = 2147483647;
			files = (
				7726A1621A18050D00B4D2D7 /* ViewController.m in Sources */,
				7726A15F1A18050D00B4D2D7 /* AppDelegate.m in Sources */,
				7726A15C1A18050D00B4D2D7 /* main.m in Sources */,
			);
			runOnlyForDeploymentPostprocessing = 0;
		};
		7726A16B1A18050D00B4D2D7 /* Sources */ = {
			isa = PBXSourcesBuildPhase;
			buildActionMask = 2147483647;
			files = (
				7726A1761A18050E00B4D2D7 /* Weather_WatcherTests.m in Sources */,
			);
			runOnlyForDeploymentPostprocessing = 0;
		};
/* End PBXSourcesBuildPhase section */

/* Begin PBXTargetDependency section */
		7726A1711A18050E00B4D2D7 /* PBXTargetDependency */ = {
			isa = PBXTargetDependency;
			target = 7726A1551A18050C00B4D2D7 /* Weather Watcher */;
			targetProxy = 7726A1701A18050E00B4D2D7 /* PBXContainerItemProxy */;
		};
/* End PBXTargetDependency section */

/* Begin PBXVariantGroup section */
		7726A1631A18050D00B4D2D7 /* Main.storyboard */ = {
			isa = PBXVariantGroup;
			children = (
				7726A1641A18050D00B4D2D7 /* Base */,
			);
			name = Main.storyboard;
			sourceTree = "<group>";
		};
		7726A1681A18050D00B4D2D7 /* LaunchScreen.xib */ = {
			isa = PBXVariantGroup;
			children = (
				7726A1691A18050D00B4D2D7 /* Base */,
			);
			name = LaunchScreen.xib;
			sourceTree = "<group>";
		};
/* End PBXVariantGroup section */

/* Begin XCBuildConfiguration section */
		7726A1771A18050E00B4D2D7 /* Debug */ = {
			isa = XCBuildConfiguration;
			buildSettings = {
				ALWAYS_SEARCH_USER_PATHS = NO;
				CLANG_CXX_LANGUAGE_STANDARD = "gnu++0x";
				CLANG_CXX_LIBRARY = "libc++";
				CLANG_ENABLE_MODULES = YES;
				CLANG_ENABLE_OBJC_ARC = YES;
				CLANG_WARN_BOOL_CONVERSION = YES;
				CLANG_WARN_CONSTANT_CONVERSION = YES;
				CLANG_WARN_DIRECT_OBJC_ISA_USAGE = YES_ERROR;
				CLANG_WARN_EMPTY_BODY = YES;
				CLANG_WARN_ENUM_CONVERSION = YES;
				CLANG_WARN_INT_CONVERSION = YES;
				CLANG_WARN_OBJC_ROOT_CLASS = YES_ERROR;
				CLANG_WARN_UNREACHABLE_CODE = YES;
				CLANG_WARN__DUPLICATE_METHOD_MATCH = YES;
				"CODE_SIGN_IDENTITY[sdk=iphoneos*]" = "iPhone Developer";
				COPY_PHASE_STRIP = NO;
				ENABLE_STRICT_OBJC_MSGSEND = YES;
				GCC_C_LANGUAGE_STANDARD = gnu99;
				GCC_DYNAMIC_NO_PIC = NO;
				GCC_OPTIMIZATION_LEVEL = 0;
				GCC_PREPROCESSOR_DEFINITIONS = (
					"DEBUG=1",
					"$(inherited)",
				);
				GCC_SYMBOLS_PRIVATE_EXTERN = NO;
				GCC_WARN_64_TO_32_BIT_CONVERSION = YES;
				GCC_WARN_ABOUT_RETURN_TYPE = YES_ERROR;
				GCC_WARN_UNDECLARED_SELECTOR = YES;
				GCC_WARN_UNINITIALIZED_AUTOS = YES_AGGRESSIVE;
				GCC_WARN_UNUSED_FUNCTION = YES;
				GCC_WARN_UNUSED_VARIABLE = YES;
				IPHONEOS_DEPLOYMENT_TARGET = 8.1;
				MTL_ENABLE_DEBUG_INFO = YES;
				ONLY_ACTIVE_ARCH = YES;
				SDKROOT = iphoneos;
			};
			name = Debug;
		};
		7726A1781A18050E00B4D2D7 /* Release */ = {
			isa = XCBuildConfiguration;
			buildSettings = {
				ALWAYS_SEARCH_USER_PATHS = NO;
				CLANG_CXX_LANGUAGE_STANDARD = "gnu++0x";
				CLANG_CXX_LIBRARY = "libc++";
				CLANG_ENABLE_MODULES = YES;
				CLANG_ENABLE_OBJC_ARC = YES;
				CLANG_WARN_BOOL_CONVERSION = YES;
				CLANG_WARN_CONSTANT_CONVERSION = YES;
				CLANG_WARN_DIRECT_OBJC_ISA_USAGE = YES_ERROR;
				CLANG_WARN_EMPTY_BODY = YES;
				CLANG_WARN_ENUM_CONVERSION = YES;
				CLANG_WARN_INT_CONVERSION = YES;
				CLANG_WARN_OBJC_ROOT_CLASS = YES_ERROR;
				CLANG_WARN_UNREACHABLE_CODE = YES;
				CLANG_WARN__DUPLICATE_METHOD_MATCH = YES;
				"CODE_SIGN_IDENTITY[sdk=iphoneos*]" = "iPhone Developer";
				COPY_PHASE_STRIP = YES;
				ENABLE_NS_ASSERTIONS = NO;
				ENABLE_STRICT_OBJC_MSGSEND = YES;
				GCC_C_LANGUAGE_STANDARD = gnu99;
				GCC_WARN_64_TO_32_BIT_CONVERSION = YES;
				GCC_WARN_ABOUT_RETURN_TYPE = YES_ERROR;
				GCC_WARN_UNDECLARED_SELECTOR = YES;
				GCC_WARN_UNINITIALIZED_AUTOS = YES_AGGRESSIVE;
				GCC_WARN_UNUSED_FUNCTION = YES;
				GCC_WARN_UNUSED_VARIABLE = YES;
				IPHONEOS_DEPLOYMENT_TARGET = 8.1;
				MTL_ENABLE_DEBUG_INFO = NO;
				SDKROOT = iphoneos;
				VALIDATE_PRODUCT = YES;
			};
			name = Release;
		};
		7726A17A1A18050E00B4D2D7 /* Debug */ = {
			isa = XCBuildConfiguration;
			buildSettings = {
				ASSETCATALOG_COMPILER_APPICON_NAME = AppIcon;
				FRAMEWORK_SEARCH_PATHS = (
					"$(inherited)",
					"$(PROJECT_DIR)",
				);
				INFOPLIST_FILE = "Weather Watcher/Info.plist";
				LD_RUNPATH_SEARCH_PATHS = "$(inherited) @executable_path/Frameworks";
				"OTHER_LDFLAGS[arch=*]" = "-ObjC";
				PRODUCT_NAME = "$(TARGET_NAME)";
			};
			name = Debug;
		};
		7726A17B1A18050E00B4D2D7 /* Release */ = {
			isa = XCBuildConfiguration;
			buildSettings = {
				ASSETCATALOG_COMPILER_APPICON_NAME = AppIcon;
				FRAMEWORK_SEARCH_PATHS = (
					"$(inherited)",
					"$(PROJECT_DIR)",
				);
				INFOPLIST_FILE = "Weather Watcher/Info.plist";
				LD_RUNPATH_SEARCH_PATHS = "$(inherited) @executable_path/Frameworks";
				"OTHER_LDFLAGS[arch=*]" = "-ObjC";
				PRODUCT_NAME = "$(TARGET_NAME)";
			};
			name = Release;
		};
		7726A17D1A18050E00B4D2D7 /* Debug */ = {
			isa = XCBuildConfiguration;
			buildSettings = {
				BUNDLE_LOADER = "$(TEST_HOST)";
				FRAMEWORK_SEARCH_PATHS = (
					"$(SDKROOT)/Developer/Library/Frameworks",
					"$(inherited)",
				);
				GCC_PREPROCESSOR_DEFINITIONS = (
					"DEBUG=1",
					"$(inherited)",
				);
				INFOPLIST_FILE = "Weather WatcherTests/Info.plist";
				LD_RUNPATH_SEARCH_PATHS = "$(inherited) @executable_path/Frameworks @loader_path/Frameworks";
				PRODUCT_NAME = "$(TARGET_NAME)";
				TEST_HOST = "$(BUILT_PRODUCTS_DIR)/Weather Watcher.app/Weather Watcher";
			};
			name = Debug;
		};
		7726A17E1A18050E00B4D2D7 /* Release */ = {
			isa = XCBuildConfiguration;
			buildSettings = {
				BUNDLE_LOADER = "$(TEST_HOST)";
				FRAMEWORK_SEARCH_PATHS = (
					"$(SDKROOT)/Developer/Library/Frameworks",
					"$(inherited)",
				);
				INFOPLIST_FILE = "Weather WatcherTests/Info.plist";
				LD_RUNPATH_SEARCH_PATHS = "$(inherited) @executable_path/Frameworks @loader_path/Frameworks";
				PRODUCT_NAME = "$(TARGET_NAME)";
				TEST_HOST = "$(BUILT_PRODUCTS_DIR)/Weather Watcher.app/Weather Watcher";
			};
			name = Release;
		};
/* End XCBuildConfiguration section */

/* Begin XCConfigurationList section */
		7726A1511A18050C00B4D2D7 /* Build configuration list for PBXProject "Weather Watcher" */ = {
			isa = XCConfigurationList;
			buildConfigurations = (
				7726A1771A18050E00B4D2D7 /* Debug */,
				7726A1781A18050E00B4D2D7 /* Release */,
			);
			defaultConfigurationIsVisible = 0;
			defaultConfigurationName = Release;
		};
		7726A1791A18050E00B4D2D7 /* Build configuration list for PBXNativeTarget "Weather Watcher" */ = {
			isa = XCConfigurationList;
			buildConfigurations = (
				7726A17A1A18050E00B4D2D7 /* Debug */,
				7726A17B1A18050E00B4D2D7 /* Release */,
			);
			defaultConfigurationIsVisible = 0;
		};
		7726A17C1A18050E00B4D2D7 /* Build configuration list for PBXNativeTarget "Weather WatcherTests" */ = {
			isa = XCConfigurationList;
			buildConfigurations = (
				7726A17D1A18050E00B4D2D7 /* Debug */,
				7726A17E1A18050E00B4D2D7 /* Release */,
			);
			defaultConfigurationIsVisible = 0;
		};
/* End XCConfigurationList section */
	};
	rootObject = 7726A14E1A18050C00B4D2D7 /* Project object */;
}
